// !$*UTF8*$!
{
	archiveVersion = 1;
	classes = {
	};
	objectVersion = 46;
	objects = {

/* Begin PBXBuildFile section */
		63DD922B14A4EB42281718B6 /* Pods_Helper.framework in Frameworks */ = {isa = PBXBuildFile; fileRef = 82EE846BAEDA153751655A87 /* Pods_Helper.framework */; };
		A55E02031E8C7E2700BCAE03 /* AppDelegate.swift in Sources */ = {isa = PBXBuildFile; fileRef = A55E02021E8C7E2700BCAE03 /* AppDelegate.swift */; };
		A55E02051E8C7E2700BCAE03 /* ViewController.swift in Sources */ = {isa = PBXBuildFile; fileRef = A55E02041E8C7E2700BCAE03 /* ViewController.swift */; };
		A55E02081E8C7E2800BCAE03 /* Main.storyboard in Resources */ = {isa = PBXBuildFile; fileRef = A55E02061E8C7E2800BCAE03 /* Main.storyboard */; };
		A55E020A1E8C7E2800BCAE03 /* Assets.xcassets in Resources */ = {isa = PBXBuildFile; fileRef = A55E02091E8C7E2800BCAE03 /* Assets.xcassets */; };
		A55E020D1E8C7E2800BCAE03 /* LaunchScreen.storyboard in Resources */ = {isa = PBXBuildFile; fileRef = A55E020B1E8C7E2800BCAE03 /* LaunchScreen.storyboard */; };
		A55E02151E8C7ED000BCAE03 /* GoogleService-Info.plist in Resources */ = {isa = PBXBuildFile; fileRef = A55E02141E8C7ED000BCAE03 /* GoogleService-Info.plist */; };
/* End PBXBuildFile section */

/* Begin PBXFileReference section */
		82EE846BAEDA153751655A87 /* Pods_Helper.framework */ = {isa = PBXFileReference; explicitFileType = wrapper.framework; includeInIndex = 0; path = Pods_Helper.framework; sourceTree = BUILT_PRODUCTS_DIR; };
		A55E01FF1E8C7E2700BCAE03 /* Helper.app */ = {isa = PBXFileReference; explicitFileType = wrapper.application; includeInIndex = 0; path = Helper.app; sourceTree = BUILT_PRODUCTS_DIR; };
		A55E02021E8C7E2700BCAE03 /* AppDelegate.swift */ = {isa = PBXFileReference; lastKnownFileType = sourcecode.swift; path = AppDelegate.swift; sourceTree = "<group>"; };
		A55E02041E8C7E2700BCAE03 /* ViewController.swift */ = {isa = PBXFileReference; lastKnownFileType = sourcecode.swift; path = ViewController.swift; sourceTree = "<group>"; };
		A55E02071E8C7E2800BCAE03 /* Base */ = {isa = PBXFileReference; lastKnownFileType = file.storyboard; name = Base; path = Base.lproj/Main.storyboard; sourceTree = "<group>"; };
		A55E02091E8C7E2800BCAE03 /* Assets.xcassets */ = {isa = PBXFileReference; lastKnownFileType = folder.assetcatalog; path = Assets.xcassets; sourceTree = "<group>"; };
		A55E020C1E8C7E2800BCAE03 /* Base */ = {isa = PBXFileReference; lastKnownFileType = file.storyboard; name = Base; path = Base.lproj/LaunchScreen.storyboard; sourceTree = "<group>"; };
		A55E020E1E8C7E2800BCAE03 /* Info.plist */ = {isa = PBXFileReference; lastKnownFileType = text.plist.xml; path = Info.plist; sourceTree = "<group>"; };
		A55E02141E8C7ED000BCAE03 /* GoogleService-Info.plist */ = {isa = PBXFileReference; fileEncoding = 4; lastKnownFileType = text.plist.xml; path = "GoogleService-Info.plist"; sourceTree = "<group>"; };
		AAD937BE2B93B73907DA48CC /* Pods-Helper.debug.xcconfig */ = {isa = PBXFileReference; includeInIndex = 1; lastKnownFileType = text.xcconfig; name = "Pods-Helper.debug.xcconfig"; path = "Pods/Target Support Files/Pods-Helper/Pods-Helper.debug.xcconfig"; sourceTree = "<group>"; };
		BDD6A78C15CB2AE844CBB7D8 /* Pods-Helper.release.xcconfig */ = {isa = PBXFileReference; includeInIndex = 1; lastKnownFileType = text.xcconfig; name = "Pods-Helper.release.xcconfig"; path = "Pods/Target Support Files/Pods-Helper/Pods-Helper.release.xcconfig"; sourceTree = "<group>"; };
/* End PBXFileReference section */

/* Begin PBXFrameworksBuildPhase section */
		A55E01FC1E8C7E2700BCAE03 /* Frameworks */ = {
			isa = PBXFrameworksBuildPhase;
			buildActionMask = 2147483647;
			files = (
				63DD922B14A4EB42281718B6 /* Pods_Helper.framework in Frameworks */,
			);
			runOnlyForDeploymentPostprocessing = 0;
		};
/* End PBXFrameworksBuildPhase section */

/* Begin PBXGroup section */
		0FEF3FF68EB859DA473A1DD1 /* Pods */ = {
			isa = PBXGroup;
			children = (
				AAD937BE2B93B73907DA48CC /* Pods-Helper.debug.xcconfig */,
				BDD6A78C15CB2AE844CBB7D8 /* Pods-Helper.release.xcconfig */,
			);
			name = Pods;
			sourceTree = "<group>";
		};
		58487240D7C8521CA9833374 /* Frameworks */ = {
			isa = PBXGroup;
			children = (
				82EE846BAEDA153751655A87 /* Pods_Helper.framework */,
			);
			name = Frameworks;
			sourceTree = "<group>";
		};
		A55E01F61E8C7E2700BCAE03 = {
			isa = PBXGroup;
			children = (
				A55E02011E8C7E2700BCAE03 /* Helper */,
				A55E02001E8C7E2700BCAE03 /* Products */,
				0FEF3FF68EB859DA473A1DD1 /* Pods */,
				58487240D7C8521CA9833374 /* Frameworks */,
			);
			sourceTree = "<group>";
		};
		A55E02001E8C7E2700BCAE03 /* Products */ = {
			isa = PBXGroup;
			children = (
				A55E01FF1E8C7E2700BCAE03 /* Helper.app */,
			);
			name = Products;
			sourceTree = "<group>";
		};
		A55E02011E8C7E2700BCAE03 /* Helper */ = {
			isa = PBXGroup;
			children = (
				A55E02021E8C7E2700BCAE03 /* AppDelegate.swift */,
				A55E02041E8C7E2700BCAE03 /* ViewController.swift */,
				A55E02061E8C7E2800BCAE03 /* Main.storyboard */,
				A55E02091E8C7E2800BCAE03 /* Assets.xcassets */,
				A55E020B1E8C7E2800BCAE03 /* LaunchScreen.storyboard */,
				A55E020E1E8C7E2800BCAE03 /* Info.plist */,
				A55E02141E8C7ED000BCAE03 /* GoogleService-Info.plist */,
			);
			path = Helper;
			sourceTree = "<group>";
		};
/* End PBXGroup section */

/* Begin PBXNativeTarget section */
		A55E01FE1E8C7E2700BCAE03 /* Helper */ = {
			isa = PBXNativeTarget;
			buildConfigurationList = A55E02111E8C7E2800BCAE03 /* Build configuration list for PBXNativeTarget "Helper" */;
			buildPhases = (
				3C951880982C8F9DD2CEA1D5 /* [CP] Check Pods Manifest.lock */,
				A55E01FB1E8C7E2700BCAE03 /* Sources */,
				A55E01FC1E8C7E2700BCAE03 /* Frameworks */,
				A55E01FD1E8C7E2700BCAE03 /* Resources */,
				48C91D29E00F105D2439D099 /* [CP] Embed Pods Frameworks */,
				D4C5CDDEA98F963D04B45419 /* [CP] Copy Pods Resources */,
			);
			buildRules = (
			);
			dependencies = (
			);
			name = Helper;
			productName = Helper;
			productReference = A55E01FF1E8C7E2700BCAE03 /* Helper.app */;
			productType = "com.apple.product-type.application";
		};
/* End PBXNativeTarget section */

/* Begin PBXProject section */
		A55E01F71E8C7E2700BCAE03 /* Project object */ = {
			isa = PBXProject;
			attributes = {
				LastSwiftUpdateCheck = 0830;
				LastUpgradeCheck = 0830;
				ORGANIZATIONNAME = "Erik Hakamada";
				TargetAttributes = {
					A55E01FE1E8C7E2700BCAE03 = {
						CreatedOnToolsVersion = 8.3;
						DevelopmentTeam = 6PBVR5G4C8;
						ProvisioningStyle = Automatic;
					};
				};
			};
			buildConfigurationList = A55E01FA1E8C7E2700BCAE03 /* Build configuration list for PBXProject "Helper" */;
			compatibilityVersion = "Xcode 3.2";
			developmentRegion = English;
			hasScannedForEncodings = 0;
			knownRegions = (
				en,
				Base,
			);
			mainGroup = A55E01F61E8C7E2700BCAE03;
			productRefGroup = A55E02001E8C7E2700BCAE03 /* Products */;
			projectDirPath = "";
			projectRoot = "";
			targets = (
				A55E01FE1E8C7E2700BCAE03 /* Helper */,
			);
		};
/* End PBXProject section */

/* Begin PBXResourcesBuildPhase section */
		A55E01FD1E8C7E2700BCAE03 /* Resources */ = {
			isa = PBXResourcesBuildPhase;
			buildActionMask = 2147483647;
			files = (
				A55E020D1E8C7E2800BCAE03 /* LaunchScreen.storyboard in Resources */,
				A55E02151E8C7ED000BCAE03 /* GoogleService-Info.plist in Resources */,
				A55E020A1E8C7E2800BCAE03 /* Assets.xcassets in Resources */,
				A55E02081E8C7E2800BCAE03 /* Main.storyboard in Resources */,
			);
			runOnlyForDeploymentPostprocessing = 0;
		};
/* End PBXResourcesBuildPhase section */

/* Begin PBXShellScriptBuildPhase section */
		3C951880982C8F9DD2CEA1D5 /* [CP] Check Pods Manifest.lock */ = {
			isa = PBXShellScriptBuildPhase;
			buildActionMask = 2147483647;
			files = (
			);
			inputPaths = (
			);
			name = "[CP] Check Pods Manifest.lock";
			outputPaths = (
			);
			runOnlyForDeploymentPostprocessing = 0;
			shellPath = /bin/sh;
			shellScript = "diff \"${PODS_ROOT}/../Podfile.lock\" \"${PODS_ROOT}/Manifest.lock\" > /dev/null\nif [ $? != 0 ] ; then\n    # print error to STDERR\n    echo \"error: The sandbox is not in sync with the Podfile.lock. Run 'pod install' or update your CocoaPods installation.\" >&2\n    exit 1\nfi\n";
			showEnvVarsInLog = 0;
		};
		48C91D29E00F105D2439D099 /* [CP] Embed Pods Frameworks */ = {
			isa = PBXShellScriptBuildPhase;
			buildActionMask = 2147483647;
			files = (
			);
			inputPaths = (
			);
			name = "[CP] Embed Pods Frameworks";
			outputPaths = (
			);
			runOnlyForDeploymentPostprocessing = 0;
			shellPath = /bin/sh;
			shellScript = "\"${SRCROOT}/Pods/Target Support Files/Pods-Helper/Pods-Helper-frameworks.sh\"\n";
			showEnvVarsInLog = 0;
		};
		D4C5CDDEA98F963D04B45419 /* [CP] Copy Pods Resources */ = {
			isa = PBXShellScriptBuildPhase;
			buildActionMask = 2147483647;
			files = (
			);
			inputPaths = (
			);
			name = "[CP] Copy Pods Resources";
			outputPaths = (
			);
			runOnlyForDeploymentPostprocessing = 0;
			shellPath = /bin/sh;
			shellScript = "\"${SRCROOT}/Pods/Target Support Files/Pods-Helper/Pods-Helper-resources.sh\"\n";
			showEnvVarsInLog = 0;
		};
/* End PBXShellScriptBuildPhase section */

/* Begin PBXSourcesBuildPhase section */
		A55E01FB1E8C7E2700BCAE03 /* Sources */ = {
			isa = PBXSourcesBuildPhase;
			buildActionMask = 2147483647;
			files = (
				A55E02051E8C7E2700BCAE03 /* ViewController.swift in Sources */,
				A55E02031E8C7E2700BCAE03 /* AppDelegate.swift in Sources */,
			);
			runOnlyForDeploymentPostprocessing = 0;
		};
/* End PBXSourcesBuildPhase section */

/* Begin PBXVariantGroup section */
		A55E02061E8C7E2800BCAE03 /* Main.storyboard */ = {
			isa = PBXVariantGroup;
			children = (
				A55E02071E8C7E2800BCAE03 /* Base */,
			);
			name = Main.storyboard;
			sourceTree = "<group>";
		};
		A55E020B1E8C7E2800BCAE03 /* LaunchScreen.storyboard */ = {
			isa = PBXVariantGroup;
			children = (
				A55E020C1E8C7E2800BCAE03 /* Base */,
			);
			name = LaunchScreen.storyboard;
			sourceTree = "<group>";
		};
/* End PBXVariantGroup section */

/* Begin XCBuildConfiguration section */
		A55E020F1E8C7E2800BCAE03 /* Debug */ = {
			isa = XCBuildConfiguration;
			buildSettings = {
				ALWAYS_SEARCH_USER_PATHS = NO;
				CLANG_ANALYZER_NONNULL = YES;
				CLANG_ANALYZER_NUMBER_OBJECT_CONVERSION = YES_AGGRESSIVE;
				CLANG_CXX_LANGUAGE_STANDARD = "gnu++0x";
				CLANG_CXX_LIBRARY = "libc++";
				CLANG_ENABLE_MODULES = YES;
				CLANG_ENABLE_OBJC_ARC = YES;
				CLANG_WARN_BOOL_CONVERSION = YES;
				CLANG_WARN_CONSTANT_CONVERSION = YES;
				CLANG_WARN_DIRECT_OBJC_ISA_USAGE = YES_ERROR;
				CLANG_WARN_DOCUMENTATION_COMMENTS = YES;
				CLANG_WARN_EMPTY_BODY = YES;
				CLANG_WARN_ENUM_CONVERSION = YES;
				CLANG_WARN_INFINITE_RECURSION = YES;
				CLANG_WARN_INT_CONVERSION = YES;
				CLANG_WARN_OBJC_ROOT_CLASS = YES_ERROR;
				CLANG_WARN_SUSPICIOUS_MOVE = YES;
				CLANG_WARN_UNREACHABLE_CODE = YES;
				CLANG_WARN__DUPLICATE_METHOD_MATCH = YES;
				"CODE_SIGN_IDENTITY[sdk=iphoneos*]" = "iPhone Developer";
				COPY_PHASE_STRIP = NO;
				DEBUG_INFORMATION_FORMAT = dwarf;
				ENABLE_STRICT_OBJC_MSGSEND = YES;
				ENABLE_TESTABILITY = YES;
				GCC_C_LANGUAGE_STANDARD = gnu99;
				GCC_DYNAMIC_NO_PIC = NO;
				GCC_NO_COMMON_BLOCKS = YES;
				GCC_OPTIMIZATION_LEVEL = 0;
				GCC_PREPROCESSOR_DEFINITIONS = (
					"DEBUG=1",
					"$(inherited)",
				);
				GCC_WARN_64_TO_32_BIT_CONVERSION = YES;
				GCC_WARN_ABOUT_RETURN_TYPE = YES_ERROR;
				GCC_WARN_UNDECLARED_SELECTOR = YES;
				GCC_WARN_UNINITIALIZED_AUTOS = YES_AGGRESSIVE;
				GCC_WARN_UNUSED_FUNCTION = YES;
				GCC_WARN_UNUSED_VARIABLE = YES;
				IPHONEOS_DEPLOYMENT_TARGET = 10.3;
				MTL_ENABLE_DEBUG_INFO = YES;
				ONLY_ACTIVE_ARCH = YES;
				SDKROOT = iphoneos;
				SWIFT_ACTIVE_COMPILATION_CONDITIONS = DEBUG;
				SWIFT_OPTIMIZATION_LEVEL = "-Onone";
				TARGETED_DEVICE_FAMILY = "1,2";
			};
			name = Debug;
		};
		A55E02101E8C7E2800BCAE03 /* Release */ = {
			isa = XCBuildConfiguration;
			buildSettings = {
				ALWAYS_SEARCH_USER_PATHS = NO;
				CLANG_ANALYZER_NONNULL = YES;
				CLANG_ANALYZER_NUMBER_OBJECT_CONVERSION = YES_AGGRESSIVE;
				CLANG_CXX_LANGUAGE_STANDARD = "gnu++0x";
				CLANG_CXX_LIBRARY = "libc++";
				CLANG_ENABLE_MODULES = YES;
				CLANG_ENABLE_OBJC_ARC = YES;
				CLANG_WARN_BOOL_CONVERSION = YES;
				CLANG_WARN_CONSTANT_CONVERSION = YES;
				CLANG_WARN_DIRECT_OBJC_ISA_USAGE = YES_ERROR;
				CLANG_WARN_DOCUMENTATION_COMMENTS = YES;
				CLANG_WARN_EMPTY_BODY = YES;
				CLANG_WARN_ENUM_CONVERSION = YES;
				CLANG_WARN_INFINITE_RECURSION = YES;
				CLANG_WARN_INT_CONVERSION = YES;
				CLANG_WARN_OBJC_ROOT_CLASS = YES_ERROR;
				CLANG_WARN_SUSPICIOUS_MOVE = YES;
				CLANG_WARN_UNREACHABLE_CODE = YES;
				CLANG_WARN__DUPLICATE_METHOD_MATCH = YES;
				"CODE_SIGN_IDENTITY[sdk=iphoneos*]" = "iPhone Developer";
				COPY_PHASE_STRIP = NO;
				DEBUG_INFORMATION_FORMAT = "dwarf-with-dsym";
				ENABLE_NS_ASSERTIONS = NO;
				ENABLE_STRICT_OBJC_MSGSEND = YES;
				GCC_C_LANGUAGE_STANDARD = gnu99;
				GCC_NO_COMMON_BLOCKS = YES;
				GCC_WARN_64_TO_32_BIT_CONVERSION = YES;
				GCC_WARN_ABOUT_RETURN_TYPE = YES_ERROR;
				GCC_WARN_UNDECLARED_SELECTOR = YES;
				GCC_WARN_UNINITIALIZED_AUTOS = YES_AGGRESSIVE;
				GCC_WARN_UNUSED_FUNCTION = YES;
				GCC_WARN_UNUSED_VARIABLE = YES;
				IPHONEOS_DEPLOYMENT_TARGET = 10.3;
				MTL_ENABLE_DEBUG_INFO = NO;
				SDKROOT = iphoneos;
				SWIFT_OPTIMIZATION_LEVEL = "-Owholemodule";
				TARGETED_DEVICE_FAMILY = "1,2";
				VALIDATE_PRODUCT = YES;
			};
			name = Release;
		};
		A55E02121E8C7E2800BCAE03 /* Debug */ = {
			isa = XCBuildConfiguration;
			baseConfigurationReference = AAD937BE2B93B73907DA48CC /* Pods-Helper.debug.xcconfig */;
			buildSettings = {
				ASSETCATALOG_COMPILER_APPICON_NAME = AppIcon;
				DEVELOPMENT_TEAM = 6PBVR5G4C8;
				INFOPLIST_FILE = Helper/Info.plist;
				LD_RUNPATH_SEARCH_PATHS = "$(inherited) @executable_path/Frameworks";
				PRODUCT_BUNDLE_IDENTIFIER = br.com.haka.ios.Helper;
				PRODUCT_NAME = "$(TARGET_NAME)";
				SWIFT_VERSION = 3.0;
			};
			name = Debug;
		};
		A55E02131E8C7E2800BCAE03 /* Release */ = {
			isa = XCBuildConfiguration;
			baseConfigurationReference = BDD6A78C15CB2AE844CBB7D8 /* Pods-Helper.release.xcconfig */;
			buildSettings = {
				ASSETCATALOG_COMPILER_APPICON_NAME = AppIcon;
				DEVELOPMENT_TEAM = 6PBVR5G4C8;
				INFOPLIST_FILE = Helper/Info.plist;
				LD_RUNPATH_SEARCH_PATHS = "$(inherited) @executable_path/Frameworks";
				PRODUCT_BUNDLE_IDENTIFIER = br.com.haka.ios.Helper;
				PRODUCT_NAME = "$(TARGET_NAME)";
				SWIFT_VERSION = 3.0;
			};
			name = Release;
		};
/* End XCBuildConfiguration section */

/* Begin XCConfigurationList section */
		A55E01FA1E8C7E2700BCAE03 /* Build configuration list for PBXProject "Helper" */ = {
			isa = XCConfigurationList;
			buildConfigurations = (
				A55E020F1E8C7E2800BCAE03 /* Debug */,
				A55E02101E8C7E2800BCAE03 /* Release */,
			);
			defaultConfigurationIsVisible = 0;
			defaultConfigurationName = Release;
		};
		A55E02111E8C7E2800BCAE03 /* Build configuration list for PBXNativeTarget "Helper" */ = {
			isa = XCConfigurationList;
			buildConfigurations = (
				A55E02121E8C7E2800BCAE03 /* Debug */,
				A55E02131E8C7E2800BCAE03 /* Release */,
			);
			defaultConfigurationIsVisible = 0;
			defaultConfigurationName = Release;
		};
/* End XCConfigurationList section */
	};
	rootObject = A55E01F71E8C7E2700BCAE03 /* Project object */;
}
